
Microsoft Visual Studio Solution File, Format Version 12.00
# Visual Studio Version 17
VisualStudioVersion = 17.2.32616.157
MinimumVisualStudioVersion = 10.0.40219.1
Project("{9A19103F-16F7-4668-BE54-9A1E7A4F7556}") = "QR.Core", "QR.Core\QR.Core.csproj", "{76575903-5A9A-4BBD-8825-955914F99DDD}"
EndProject
Project("{9A19103F-16F7-4668-BE54-9A1E7A4F7556}") = "QR.Terminal", "QR.Terminal\QR.Terminal.csproj", "{EFE00C6F-9156-45CE-A04A-8A67011E2AD9}"
EndProject
Project("{9A19103F-16F7-4668-BE54-9A1E7A4F7556}") = "QR.WPF", "QR.WPF\QR.WPF.csproj", "{565D8D54-0182-40D6-8365-76A6B14086E6}"
EndProject
Project("{9A19103F-16F7-4668-BE54-9A1E7A4F7556}") = "QR.ViewModels", "QR.ViewModels\QR.ViewModels.csproj", "{730DD6D8-23A1-4D43-8CB4-DEFBF32087B2}"
EndProject
Global
	GlobalSection(SolutionConfigurationPlatforms) = preSolution
		Debug|Any CPU = Debug|Any CPU
		Release|Any CPU = Release|Any CPU
	EndGlobalSection
	GlobalSection(ProjectConfigurationPlatforms) = postSolution
		{76575903-5A9A-4BBD-8825-955914F99DDD}.Debug|Any CPU.ActiveCfg = Debug|Any CPU
		{76575903-5A9A-4BBD-8825-955914F99DDD}.Debug|Any CPU.Build.0 = Debug|Any CPU
		{76575903-5A9A-4BBD-8825-955914F99DDD}.Release|Any CPU.ActiveCfg = Release|Any CPU
		{76575903-5A9A-4BBD-8825-955914F99DDD}.Release|Any CPU.Build.0 = Release|Any CPU
		{EFE00C6F-9156-45CE-A04A-8A67011E2AD9}.Debug|Any CPU.ActiveCfg = Debug|Any CPU
		{EFE00C6F-9156-45CE-A04A-8A67011E2AD9}.Debug|Any CPU.Build.0 = Debug|Any CPU
		{EFE00C6F-9156-45CE-A04A-8A67011E2AD9}.Release|Any CPU.ActiveCfg = Release|Any CPU
		{EFE00C6F-9156-45CE-A04A-8A67011E2AD9}.Release|Any CPU.Build.0 = Release|Any CPU
		{565D8D54-0182-40D6-8365-76A6B14086E6}.Debug|Any CPU.ActiveCfg = Debug|Any CPU
		{565D8D54-0182-40D6-8365-76A6B14086E6}.Debug|Any CPU.Build.0 = Debug|Any CPU
		{565D8D54-0182-40D6-8365-76A6B14086E6}.Release|Any CPU.ActiveCfg = Release|Any CPU
		{565D8D54-0182-40D6-8365-76A6B14086E6}.Release|Any CPU.Build.0 = Release|Any CPU
		{730DD6D8-23A1-4D43-8CB4-DEFBF32087B2}.Debug|Any CPU.ActiveCfg = Debug|Any CPU
		{730DD6D8-23A1-4D43-8CB4-DEFBF32087B2}.Debug|Any CPU.Build.0 = Debug|Any CPU
		{730DD6D8-23A1-4D43-8CB4-DEFBF32087B2}.Release|Any CPU.ActiveCfg = Release|Any CPU
		{730DD6D8-23A1-4D43-8CB4-DEFBF32087B2}.Release|Any CPU.Build.0 = Release|Any CPU
	EndGlobalSection
	GlobalSection(SolutionProperties) = preSolution
		HideSolutionNode = FALSE
	EndGlobalSection
	GlobalSection(ExtensibilityGlobals) = postSolution
		SolutionGuid = {DFD44E6C-6E81-44F2-9A51-EDBA0F53F33E}
	EndGlobalSection
EndGlobal
